
Microsoft Visual Studio Solution File, Format Version 12.00
# Visual Studio Version 17
VisualStudioVersion = 17.10.35122.118
MinimumVisualStudioVersion = 10.0.40219.1
Project("{FAE04EC0-301F-11D3-BF4B-00C04F79EFBC}") = "Travel-psw", "Travel-psw\Travel-psw.csproj", "{CF8B00E9-0AA0-4B59-B407-17E6DAFAF9BC}"
EndProject
Global
	GlobalSection(SolutionConfigurationPlatforms) = preSolution
		Debug|Any CPU = Debug|Any CPU
		Release|Any CPU = Release|Any CPU
	EndGlobalSection
	GlobalSection(ProjectConfigurationPlatforms) = postSolution
		{CF8B00E9-0AA0-4B59-B407-17E6DAFAF9BC}.Debug|Any CPU.ActiveCfg = Debug|Any CPU
		{CF8B00E9-0AA0-4B59-B407-17E6DAFAF9BC}.Debug|Any CPU.Build.0 = Debug|Any CPU
		{CF8B00E9-0AA0-4B59-B407-17E6DAFAF9BC}.Release|Any CPU.ActiveCfg = Release|Any CPU
		{CF8B00E9-0AA0-4B59-B407-17E6DAFAF9BC}.Release|Any CPU.Build.0 = Release|Any CPU
	EndGlobalSection
	GlobalSection(SolutionProperties) = preSolution
		HideSolutionNode = FALSE
	EndGlobalSection
	GlobalSection(ExtensibilityGlobals) = postSolution
		SolutionGuid = {3265538D-D3A9-4A69-9B0C-522FD5EAFFCC}
	EndGlobalSection
EndGlobal
